# THIS IS AN AUTOGENERATED FILE. DO NOT EDIT THIS FILE DIRECTLY.
# yarn lockfile v1


"@vtex/delivery-packages@^2.17.0":
  version "2.17.0"
  resolved "https://registry.yarnpkg.com/@vtex/delivery-packages/-/delivery-packages-2.17.0.tgz#c48b4b37bf25f41aacada80b24ebed6ab1bf2a32"
  integrity sha512-mhR+W0Wa0VrdryBXLh8awsZBugkbiXurJn4QJeUG27E0WcFmJMR3mhRc+R5+jGQU0dOyLdlhLf1BX/LJT3m9QA==
  dependencies:
    "@vtex/estimate-calculator" "^1.0.8"

"@vtex/estimate-calculator@1.0.7":
  version "1.0.7"
  resolved "https://registry.yarnpkg.com/@vtex/estimate-calculator/-/estimate-calculator-1.0.7.tgz#4b0da3acf8eb05ca47ca8dd25d4eb4d8370b987f"
  integrity sha512-bD/NhVhmbqATxe1VYEyjzjZitUYpdkiCX0xqzVScUeATcpzRyfQBuD37HskUyUM+A1oP7MESxMFcCkEJPUneAg==
  dependencies:
    lodash "^4.17.5"

"@vtex/estimate-calculator@^1.0.8":
  version "1.1.0"
  resolved "https://registry.yarnpkg.com/@vtex/estimate-calculator/-/estimate-calculator-1.1.0.tgz#f1904e6681d72f7ae24745c85913f321507a1a19"
  integrity sha512-kN1o20vCce6Xtqg8U6odwMQcgx9PE4sAezyfkREe8LnCM6MaPUmJjVByt/4KYDmoa4YX1Q2mI4DiSKPFlOuJnQ==
  dependencies:
    lodash "^4.17.5"

lodash@^4.17.5:
  version "4.17.11"
  resolved "https://registry.yarnpkg.com/lodash/-/lodash-4.17.11.tgz#b39ea6229ef607ecd89e2c8df12536891cac9b8d"
  integrity sha512-cQKh8igo5QUhZ7lg38DYWAxMvjSAKG0A8wGSVimP07SIUEK2UO+arSRKbRZWtelMtN5V0Hkwh5ryOto/SshYIg==
