# THIS IS AN AUTOGENERATED FILE. DO NOT EDIT THIS FILE DIRECTLY.
# yarn lockfile v1


"@babel/runtime@^7.1.2":
  version "7.4.5"
  resolved "https://registry.yarnpkg.com/@babel/runtime/-/runtime-7.4.5.tgz#582bb531f5f9dc67d2fcb682979894f75e253f12"
  integrity sha512-TuI4qpWZP6lGOGIuGWtp9sPluqYICmbk8T/1vpSysqJxRPkudh/ofFWyqdcMsDf2s7KvDL4/YHgKyvcS3g9CJQ==
  dependencies:
    regenerator-runtime "^0.13.2"

"@vtex/address-form@^3.5.12":
  version "3.5.12"
  resolved "https://registry.yarnpkg.com/@vtex/address-form/-/address-form-3.5.12.tgz#6081ed11cf8d078aa78a3d3d65ca45f73156c95d"
  integrity sha512-iGJ+CAhPUIG9ItkqGQAwh6LBabwCXFd1/qyl/HPM+IVO30/pd3dGmHDaSccdoTX/lQb/IRc6wbZYB2vPFIhflA==
  dependencies:
    "@vtex/styleguide" "^5.6.2"
    axios "^0.16.2"
    classnames "^2.2.5"
    eslint-utils "^1.3.1"
    load-google-maps-api "^1.0.0"
    lodash "^4.17.4"
    msk "1.0.3"
    recompose "^0.27.1"
    regexpp "^2.0.1"

"@vtex/delivery-packages@^2.17.0":
  version "2.17.0"
  resolved "https://registry.yarnpkg.com/@vtex/delivery-packages/-/delivery-packages-2.17.0.tgz#c48b4b37bf25f41aacada80b24ebed6ab1bf2a32"
  integrity sha512-mhR+W0Wa0VrdryBXLh8awsZBugkbiXurJn4QJeUG27E0WcFmJMR3mhRc+R5+jGQU0dOyLdlhLf1BX/LJT3m9QA==
  dependencies:
    "@vtex/estimate-calculator" "^1.0.8"

"@vtex/estimate-calculator@1.0.7":
  version "1.0.7"
  resolved "https://registry.yarnpkg.com/@vtex/estimate-calculator/-/estimate-calculator-1.0.7.tgz#4b0da3acf8eb05ca47ca8dd25d4eb4d8370b987f"
  integrity sha512-bD/NhVhmbqATxe1VYEyjzjZitUYpdkiCX0xqzVScUeATcpzRyfQBuD37HskUyUM+A1oP7MESxMFcCkEJPUneAg==
  dependencies:
    lodash "^4.17.5"

"@vtex/estimate-calculator@^1.0.8":
  version "1.1.0"
  resolved "https://registry.yarnpkg.com/@vtex/estimate-calculator/-/estimate-calculator-1.1.0.tgz#f1904e6681d72f7ae24745c85913f321507a1a19"
  integrity sha512-kN1o20vCce6Xtqg8U6odwMQcgx9PE4sAezyfkREe8LnCM6MaPUmJjVByt/4KYDmoa4YX1Q2mI4DiSKPFlOuJnQ==
  dependencies:
    lodash "^4.17.5"

"@vtex/styleguide@^5.6.2":
  version "5.6.2"
  resolved "https://registry.yarnpkg.com/@vtex/styleguide/-/styleguide-5.6.2.tgz#133ac2d7847b148f4b1bdb836b999cb90d667c22"
  integrity sha512-jeJvB+T8/YuRQzbZ5yeUGdcSk/pg5mgl0w/BzeTNKPLI3zf0NrJ6icTsL55eErej6kWUL4svxz1BkF6d01wFFA==
  dependencies:
    react-responsive-modal "^2.0.1"
    react-virtualized "^9.19.1"
    vtex-tachyons "^2.6.0"

asap@~2.0.3:
  version "2.0.6"
  resolved "https://registry.yarnpkg.com/asap/-/asap-2.0.6.tgz#e50347611d7e690943208bbdafebcbc2fb866d46"
  integrity sha1-5QNHYR1+aQlDIIu9r+vLwvuGbUY=

axios@^0.16.2:
  version "0.16.2"
  resolved "https://registry.yarnpkg.com/axios/-/axios-0.16.2.tgz#ba4f92f17167dfbab40983785454b9ac149c3c6d"
  integrity sha1-uk+S8XFn37q0CYN4VFS5rBScPG0=
  dependencies:
    follow-redirects "^1.2.3"
    is-buffer "^1.1.5"

babel-runtime@^6.26.0:
  version "6.26.0"
  resolved "https://registry.yarnpkg.com/babel-runtime/-/babel-runtime-6.26.0.tgz#965c7058668e82b55d7bfe04ff2337bc8b5647fe"
  integrity sha1-llxwWGaOgrVde/4E/yM3vItWR/4=
  dependencies:
    core-js "^2.4.0"
    regenerator-runtime "^0.11.0"

brcast@^3.0.1:
  version "3.0.1"
  resolved "https://registry.yarnpkg.com/brcast/-/brcast-3.0.1.tgz#6256a8349b20de9eed44257a9b24d71493cd48dd"
  integrity sha512-eI3yqf9YEqyGl9PCNTR46MGvDylGtaHjalcz6Q3fAPnP/PhpKkkve52vFdfGpwp4VUvK6LUr4TQN+2stCrEwTg==

change-emitter@^0.1.2:
  version "0.1.6"
  resolved "https://registry.yarnpkg.com/change-emitter/-/change-emitter-0.1.6.tgz#e8b2fe3d7f1ab7d69a32199aff91ea6931409515"
  integrity sha1-6LL+PX8at9aaMhma/5HqaTFAlRU=

classnames@^2.2.5:
  version "2.2.6"
  resolved "https://registry.yarnpkg.com/classnames/-/classnames-2.2.6.tgz#43935bffdd291f326dad0a205309b38d00f650ce"
  integrity sha512-JR/iSQOSt+LQIWwrwEzJ9uk0xfN3mTVYMwt1Ir5mUcSN6pU+V4zQFFaJsclJbPuAUQH+yfWef6tm7l1quW3C8Q==

clsx@^1.0.1:
  version "1.0.4"
  resolved "https://registry.yarnpkg.com/clsx/-/clsx-1.0.4.tgz#0c0171f6d5cb2fe83848463c15fcc26b4df8c2ec"
  integrity sha512-1mQ557MIZTrL/140j+JVdRM6e31/OA4vTYxXgqIIZlndyfjHpyawKZia1Im05Vp9BWmImkcNrNtFYQMyFcgJDg==

core-js@^1.0.0:
  version "1.2.7"
  resolved "https://registry.yarnpkg.com/core-js/-/core-js-1.2.7.tgz#652294c14651db28fa93bd2d5ff2983a4f08c636"
  integrity sha1-ZSKUwUZR2yj6k70tX/KYOk8IxjY=

core-js@^2.4.0:
  version "2.6.9"
  resolved "https://registry.yarnpkg.com/core-js/-/core-js-2.6.9.tgz#6b4b214620c834152e179323727fc19741b084f2"
  integrity sha512-HOpZf6eXmnl7la+cUdMnLvUxKNqLUzJvgIziQ0DiF3JwSImNphIqdGqzj6hIKyX04MmV0poclQ7+wjWvxQyR2A==

css-vendor@^0.3.8:
  version "0.3.8"
  resolved "https://registry.yarnpkg.com/css-vendor/-/css-vendor-0.3.8.tgz#6421cfd3034ce664fe7673972fd0119fc28941fa"
  integrity sha1-ZCHP0wNM5mT+dnOXL9ARn8KJQfo=
  dependencies:
    is-in-browser "^1.0.2"

"dom-helpers@^2.4.0 || ^3.0.0", dom-helpers@^3.4.0:
  version "3.4.0"
  resolved "https://registry.yarnpkg.com/dom-helpers/-/dom-helpers-3.4.0.tgz#e9b369700f959f62ecde5a6babde4bccd9169af8"
  integrity sha512-LnuPJ+dwqKDIyotW1VzmOZ5TONUN7CwkCR5hrgawTUbkBGYdeoNLZo6nNfGkCrjtE1nXXaj7iMMpDa8/d9WoIA==
  dependencies:
    "@babel/runtime" "^7.1.2"

encoding@^0.1.11:
  version "0.1.12"
  resolved "https://registry.yarnpkg.com/encoding/-/encoding-0.1.12.tgz#538b66f3ee62cd1ab51ec323829d1f9480c74beb"
  integrity sha1-U4tm8+5izRq1HsMjgp0flIDHS+s=
  dependencies:
    iconv-lite "~0.4.13"

eslint-utils@^1.3.1:
  version "1.3.1"
  resolved "https://registry.yarnpkg.com/eslint-utils/-/eslint-utils-1.3.1.tgz#9a851ba89ee7c460346f97cf8939c7298827e512"
  integrity sha512-Z7YjnIldX+2XMcjr7ZkgEsOj/bREONV60qYeB/bjMAqqqZ4zxKyWX+BOUkdmRmA9riiIPVvo5x86m5elviOk0Q==

fbjs@^0.8.1:
  version "0.8.17"
  resolved "https://registry.yarnpkg.com/fbjs/-/fbjs-0.8.17.tgz#c4d598ead6949112653d6588b01a5cdcd9f90fdd"
  integrity sha1-xNWY6taUkRJlPWWIsBpc3Nn5D90=
  dependencies:
    core-js "^1.0.0"
    isomorphic-fetch "^2.1.1"
    loose-envify "^1.0.0"
    object-assign "^4.1.0"
    promise "^7.1.1"
    setimmediate "^1.0.5"
    ua-parser-js "^0.7.18"

follow-redirects@^1.2.3:
  version "1.14.7"
  resolved "https://registry.yarnpkg.com/follow-redirects/-/follow-redirects-1.14.7.tgz#2004c02eb9436eee9a21446a6477debf17e81685"
  integrity sha512-+hbxoLbFMbRKDwohX8GkTataGqO6Jb7jGwpAlwgy2bIz25XtRm7KEzJM76R1WiNT5SwZkX4Y75SwBolkpmE7iQ==

hoist-non-react-statics@^2.3.1, hoist-non-react-statics@^2.5.0:
  version "2.5.5"
  resolved "https://registry.yarnpkg.com/hoist-non-react-statics/-/hoist-non-react-statics-2.5.5.tgz#c5903cf409c0dfd908f388e619d86b9c1174cb47"
  integrity sha512-rqcy4pJo55FTTLWt+bU8ukscqHeE/e9KWvsOW2b/a3afxQZhwkQdT1rPPCJ0rYXdj4vNcasY8zHTH+jF/qStxw==

hyphenate-style-name@^1.0.2:
  version "1.0.3"
  resolved "https://registry.yarnpkg.com/hyphenate-style-name/-/hyphenate-style-name-1.0.3.tgz#097bb7fa0b8f1a9cf0bd5c734cf95899981a9b48"
  integrity sha512-EcuixamT82oplpoJ2XU4pDtKGWQ7b00CD9f1ug9IaQ3p1bkHMiKCZ9ut9QDI6qsa6cpUuB+A/I+zLtdNK4n2DQ==

iconv-lite@~0.4.13:
  version "0.4.24"
  resolved "https://registry.yarnpkg.com/iconv-lite/-/iconv-lite-0.4.24.tgz#2022b4b25fbddc21d2f524974a474aafe733908b"
  integrity sha512-v3MXnZAcvnywkTUEZomIActle7RXXeedOR31wwl7VlyoXO4Qi9arvSenNQWne1TcRwhCL1HwLI21bEqdpj8/rA==
  dependencies:
    safer-buffer ">= 2.1.2 < 3"

is-buffer@^1.1.5:
  version "1.1.6"
  resolved "https://registry.yarnpkg.com/is-buffer/-/is-buffer-1.1.6.tgz#efaa2ea9daa0d7ab2ea13a97b2b8ad51fefbe8be"
  integrity sha512-NcdALwpXkTm5Zvvbk7owOUSvVvBKDgKP5/ewfXEznmQFfs4ZRmanOeKBTjRVjka3QFoN6XJ+9F3USqfHqTaU5w==

is-function@^1.0.1:
  version "1.0.1"
  resolved "https://registry.yarnpkg.com/is-function/-/is-function-1.0.1.tgz#12cfb98b65b57dd3d193a3121f5f6e2f437602b5"
  integrity sha1-Es+5i2W1fdPRk6MSH19uL0N2ArU=

is-in-browser@^1.0.2, is-in-browser@^1.1.3:
  version "1.1.3"
  resolved "https://registry.yarnpkg.com/is-in-browser/-/is-in-browser-1.1.3.tgz#56ff4db683a078c6082eb95dad7dc62e1d04f835"
  integrity sha1-Vv9NtoOgeMYILrldrX3GLh0E+DU=

is-plain-object@^2.0.1:
  version "2.0.4"
  resolved "https://registry.yarnpkg.com/is-plain-object/-/is-plain-object-2.0.4.tgz#2c163b3fafb1b606d9d17928f05c2a1c38e07677"
  integrity sha512-h5PpgXkWitc38BBMYawTYMWJHFZJVnBquFE57xFpjB8pJFiF6gZ+bU+WyI/yqXiFR5mdLsgYNaPe8uao6Uv9Og==
  dependencies:
    isobject "^3.0.1"

is-stream@^1.0.1:
  version "1.1.0"
  resolved "https://registry.yarnpkg.com/is-stream/-/is-stream-1.1.0.tgz#12d4a3dd4e68e0b79ceb8dbc84173ae80d91ca44"
  integrity sha1-EtSj3U5o4Lec6428hBc66A2RykQ=

isobject@^3.0.1:
  version "3.0.1"
  resolved "https://registry.yarnpkg.com/isobject/-/isobject-3.0.1.tgz#4e431e92b11a9731636aa1f9c8d1ccbcfdab78df"
  integrity sha1-TkMekrEalzFjaqH5yNHMvP2reN8=

isomorphic-fetch@^2.1.1:
  version "2.2.1"
  resolved "https://registry.yarnpkg.com/isomorphic-fetch/-/isomorphic-fetch-2.2.1.tgz#611ae1acf14f5e81f729507472819fe9733558a9"
  integrity sha1-YRrhrPFPXoH3KVB0coGf6XM1WKk=
  dependencies:
    node-fetch "^1.0.1"
    whatwg-fetch ">=0.10.0"

"js-tokens@^3.0.0 || ^4.0.0":
  version "4.0.0"
  resolved "https://registry.yarnpkg.com/js-tokens/-/js-tokens-4.0.0.tgz#19203fb59991df98e3a287050d4647cdeaf32499"
  integrity sha512-RdJUflcE3cUzKiMqQgsCu06FPu9UdIJO0beYbPhHN4k6apgJtifcoCtT9bcxOpYBtpD2kCM6Sbzg4CausW/PKQ==

jss-camel-case@^6.1.0:
  version "6.1.0"
  resolved "https://registry.yarnpkg.com/jss-camel-case/-/jss-camel-case-6.1.0.tgz#ccb1ff8d6c701c02a1fed6fb6fb6b7896e11ce44"
  integrity sha512-HPF2Q7wmNW1t79mCqSeU2vdd/vFFGpkazwvfHMOhPlMgXrJDzdj9viA2SaHk9ZbD5pfL63a8ylp4++irYbbzMQ==
  dependencies:
    hyphenate-style-name "^1.0.2"

jss-compose@^5.0.0:
  version "5.0.0"
  resolved "https://registry.yarnpkg.com/jss-compose/-/jss-compose-5.0.0.tgz#ce01b2e4521d65c37ea42cf49116e5f7ab596484"
  integrity sha512-YofRYuiA0+VbeOw0VjgkyO380sA4+TWDrW52nSluD9n+1FWOlDzNbgpZ/Sb3Y46+DcAbOS21W5jo6SAqUEiuwA==
  dependencies:
    warning "^3.0.0"

jss-default-unit@^8.0.2:
  version "8.0.2"
  resolved "https://registry.yarnpkg.com/jss-default-unit/-/jss-default-unit-8.0.2.tgz#cc1e889bae4c0b9419327b314ab1c8e2826890e6"
  integrity sha512-WxNHrF/18CdoAGw2H0FqOEvJdREXVXLazn7PQYU7V6/BWkCV0GkmWsppNiExdw8dP4TU1ma1dT9zBNJ95feLmg==

jss-expand@^5.3.0:
  version "5.3.0"
  resolved "https://registry.yarnpkg.com/jss-expand/-/jss-expand-5.3.0.tgz#02be076efe650125c842f5bb6fb68786fe441ed6"
  integrity sha512-NiM4TbDVE0ykXSAw6dfFmB1LIqXP/jdd0ZMnlvlGgEMkMt+weJIl8Ynq1DsuBY9WwkNyzWktdqcEW2VN0RAtQg==

jss-extend@^6.2.0:
  version "6.2.0"
  resolved "https://registry.yarnpkg.com/jss-extend/-/jss-extend-6.2.0.tgz#4af09d0b72fb98ee229970f8ca852fec1ca2a8dc"
  integrity sha512-YszrmcB6o9HOsKPszK7NeDBNNjVyiW864jfoiHoMlgMIg2qlxKw70axZHqgczXHDcoyi/0/ikP1XaHDPRvYtEA==
  dependencies:
    warning "^3.0.0"

jss-global@^3.0.0:
  version "3.0.0"
  resolved "https://registry.yarnpkg.com/jss-global/-/jss-global-3.0.0.tgz#e19e5c91ab2b96353c227e30aa2cbd938cdaafa2"
  integrity sha512-wxYn7vL+TImyQYGAfdplg7yaxnPQ9RaXY/cIA8hawaVnmmWxDHzBK32u1y+RAvWboa3lW83ya3nVZ/C+jyjZ5Q==

jss-nested@^6.0.1:
  version "6.0.1"
  resolved "https://registry.yarnpkg.com/jss-nested/-/jss-nested-6.0.1.tgz#ef992b79d6e8f63d939c4397b9d99b5cbbe824ca"
  integrity sha512-rn964TralHOZxoyEgeq3hXY8hyuCElnvQoVrQwKHVmu55VRDd6IqExAx9be5HgK0yN/+hQdgAXQl/GUrBbbSTA==
  dependencies:
    warning "^3.0.0"

jss-preset-default@^4.3.0:
  version "4.5.0"
  resolved "https://registry.yarnpkg.com/jss-preset-default/-/jss-preset-default-4.5.0.tgz#d3a457012ccd7a551312014e394c23c4b301cadd"
  integrity sha512-qZbpRVtHT7hBPpZEBPFfafZKWmq3tA/An5RNqywDsZQGrlinIF/mGD9lmj6jGqu8GrED2SMHZ3pPKLmjCZoiaQ==
  dependencies:
    jss-camel-case "^6.1.0"
    jss-compose "^5.0.0"
    jss-default-unit "^8.0.2"
    jss-expand "^5.3.0"
    jss-extend "^6.2.0"
    jss-global "^3.0.0"
    jss-nested "^6.0.1"
    jss-props-sort "^6.0.0"
    jss-template "^1.0.1"
    jss-vendor-prefixer "^7.0.0"

jss-props-sort@^6.0.0:
  version "6.0.0"
  resolved "https://registry.yarnpkg.com/jss-props-sort/-/jss-props-sort-6.0.0.tgz#9105101a3b5071fab61e2d85ea74cc22e9b16323"
  integrity sha512-E89UDcrphmI0LzmvYk25Hp4aE5ZBsXqMWlkFXS0EtPkunJkRr+WXdCNYbXbksIPnKlBenGB9OxzQY+mVc70S+g==

jss-template@^1.0.1:
  version "1.0.1"
  resolved "https://registry.yarnpkg.com/jss-template/-/jss-template-1.0.1.tgz#09aed9d86cc547b07f53ef355d7e1777f7da430a"
  integrity sha512-m5BqEWha17fmIVXm1z8xbJhY6GFJxNB9H68GVnCWPyGYfxiAgY9WTQyvDAVj+pYRgrXSOfN5V1T4+SzN1sJTeg==
  dependencies:
    warning "^3.0.0"

jss-vendor-prefixer@^7.0.0:
  version "7.0.0"
  resolved "https://registry.yarnpkg.com/jss-vendor-prefixer/-/jss-vendor-prefixer-7.0.0.tgz#0166729650015ef19d9f02437c73667231605c71"
  integrity sha512-Agd+FKmvsI0HLcYXkvy8GYOw3AAASBUpsmIRvVQheps+JWaN892uFOInTr0DRydwaD91vSSUCU4NssschvF7MA==
  dependencies:
    css-vendor "^0.3.8"

jss@^9.7.0:
  version "9.8.7"
  resolved "https://registry.yarnpkg.com/jss/-/jss-9.8.7.tgz#ed9763fc0f2f0260fc8260dac657af61e622ce05"
  integrity sha512-awj3XRZYxbrmmrx9LUSj5pXSUfm12m8xzi/VKeqI1ZwWBtQ0kVPTs3vYs32t4rFw83CgFDukA8wKzOE9sMQnoQ==
  dependencies:
    is-in-browser "^1.1.3"
    symbol-observable "^1.1.0"
    warning "^3.0.0"

linear-layout-vector@0.0.1:
  version "0.0.1"
  resolved "https://registry.yarnpkg.com/linear-layout-vector/-/linear-layout-vector-0.0.1.tgz#398114d7303b6ecc7fd6b273af7b8401d8ba9c70"
  integrity sha1-OYEU1zA7bsx/1rJzr3uEAdi6nHA=

load-google-maps-api@^1.0.0:
  version "1.3.3"
  resolved "https://registry.yarnpkg.com/load-google-maps-api/-/load-google-maps-api-1.3.3.tgz#9d3670a05527609ce9b31331bdd5957ddc0343fb"
  integrity sha512-THOSdgymg98eQz8KcZZ2BGjVQIcpMBMUxjKb+0vkgXPQauK238zMNBgUoQBb9JzoP73J9Qgq9dvyHGu3oYvBMQ==

lodash@^4.17.15, lodash@^4.17.4, lodash@^4.17.5:
  version "4.17.15"
  resolved "https://registry.yarnpkg.com/lodash/-/lodash-4.17.15.tgz#b447f6670a0455bbfeedd11392eff330ea097548"
  integrity sha512-8xOcRHvCjnocdS5cpwXQXVzmmh5e5+saE2QGoeQmbKmRS6J3VQppPOIt0MnmE+4xlZoumy0GPG0D0MVIQbNA1A==

loose-envify@^1.0.0, loose-envify@^1.3.0, loose-envify@^1.4.0:
  version "1.4.0"
  resolved "https://registry.yarnpkg.com/loose-envify/-/loose-envify-1.4.0.tgz#71ee51fa7be4caec1a63839f7e682d8132d30caf"
  integrity sha512-lyuxPGr/Wfhrlem2CL/UcnUc1zcqKAImBDzukY7Y5F/yQiNdko6+fRLevlw1HgMySw7f611UIY408EtxRSoK3Q==
  dependencies:
    js-tokens "^3.0.0 || ^4.0.0"

msk@1.0.3:
  version "1.0.3"
  resolved "https://registry.yarnpkg.com/msk/-/msk-1.0.3.tgz#8eeb462edb48ca7965ee576b1c8faa6296cd0044"
  integrity sha512-YSalC6IZwQIIjIwxuzN1VsWBvBX9HtDjVNYFNP6e44bWxZJMy8//INZM4qpXbu0nHrX93Res0Q856EkFZU5AmQ==

no-scroll@^2.1.0:
  version "2.1.1"
  resolved "https://registry.yarnpkg.com/no-scroll/-/no-scroll-2.1.1.tgz#f37e08cb159b75a5bdbfc0a87cd9223e120e6e27"
  integrity sha512-YTzGAJOo/B6hkodeT5SKKHpOhAzjMfkUCCXjLJwjWk2F4/InIg+HbdH9kmT7bKpleDuqLZDTRy2OdNtAj0IVyQ==

node-fetch@^1.0.1:
  version "1.7.3"
  resolved "https://registry.yarnpkg.com/node-fetch/-/node-fetch-1.7.3.tgz#980f6f72d85211a5347c6b2bc18c5b84c3eb47ef"
  integrity sha512-NhZ4CsKx7cYm2vSrBAr2PvFOe6sWDf0UYLRqA6svUYg7+/TSfVAu49jYC4BvQ4Sms9SZgdqGBgroqfDhJdTyKQ==
  dependencies:
    encoding "^0.1.11"
    is-stream "^1.0.1"

object-assign@^4.1.0, object-assign@^4.1.1:
  version "4.1.1"
  resolved "https://registry.yarnpkg.com/object-assign/-/object-assign-4.1.1.tgz#2109adc7965887cfc05cbbd442cac8bfbb360863"
  integrity sha1-IQmtx5ZYh8/AXLvUQsrIv7s2CGM=

promise@^7.1.1:
  version "7.3.1"
  resolved "https://registry.yarnpkg.com/promise/-/promise-7.3.1.tgz#064b72602b18f90f29192b8b1bc418ffd1ebd3bf"
  integrity sha512-nolQXZ/4L+bP/UGlkfaIujX9BKxGwmQ9OT4mOt5yvy8iK1h3wqTEJCijzGANTCCl9nWjY41juyAn2K3Q1hLLTg==
  dependencies:
    asap "~2.0.3"

prop-types@^15.5.8, prop-types@^15.6.0, prop-types@^15.6.1, prop-types@^15.6.2:
  version "15.7.2"
  resolved "https://registry.yarnpkg.com/prop-types/-/prop-types-15.7.2.tgz#52c41e75b8c87e72b9d9360e0206b99dcbffa6c5"
  integrity sha512-8QQikdH7//R2vurIJSutZ1smHYTcLpRWEOlHnzcWHmBYrOGUysKwSsrC89BCiFj3CbrfJ/nXFdJepOVrY1GCHQ==
  dependencies:
    loose-envify "^1.4.0"
    object-assign "^4.1.1"
    react-is "^16.8.1"

react-is@^16.8.1:
  version "16.8.6"
  resolved "https://registry.yarnpkg.com/react-is/-/react-is-16.8.6.tgz#5bbc1e2d29141c9fbdfed456343fe2bc430a6a16"
  integrity sha512-aUk3bHfZ2bRSVFFbbeVS4i+lNPZr3/WM5jT2J5omUVV1zzcs1nAaf3l51ctA5FFvCRbhrH0bdAsRRQddFJZPtA==

react-jss@^8.1.0:
  version "8.6.1"
  resolved "https://registry.yarnpkg.com/react-jss/-/react-jss-8.6.1.tgz#a06e2e1d2c4d91b4d11befda865e6c07fbd75252"
  integrity sha512-SH6XrJDJkAphp602J14JTy3puB2Zxz1FkM3bKVE8wON+va99jnUTKWnzGECb3NfIn9JPR5vHykge7K3/A747xQ==
  dependencies:
    hoist-non-react-statics "^2.5.0"
    jss "^9.7.0"
    jss-preset-default "^4.3.0"
    prop-types "^15.6.0"
    theming "^1.3.0"

react-lifecycles-compat@^3.0.2, react-lifecycles-compat@^3.0.4:
  version "3.0.4"
  resolved "https://registry.yarnpkg.com/react-lifecycles-compat/-/react-lifecycles-compat-3.0.4.tgz#4f1a273afdfc8f3488a8c516bfda78f872352362"
  integrity sha512-fBASbA6LnOU9dOU2eW7aQ8xmYBSXUIWr+UmF9b1efZBazGNO+rcXT/icdKnYm2pTwcRylVUYwW7H1PHfLekVzA==

react-minimalist-portal@^2.1.1:
  version "2.3.1"
  resolved "https://registry.yarnpkg.com/react-minimalist-portal/-/react-minimalist-portal-2.3.1.tgz#4853e3f48a74a32c1b8767601887cdf7941eeba3"
  integrity sha1-SFPj9Ip0oywbh2dgGIfN95Qe66M=
  dependencies:
    prop-types "^15.6.1"

react-responsive-modal@^2.0.1:
  version "2.1.0"
  resolved "https://registry.yarnpkg.com/react-responsive-modal/-/react-responsive-modal-2.1.0.tgz#3ed5ef5f7f42872791f09c5e50bc5aae2b06b1a4"
  integrity sha1-PtXvX39ChyeR8JxeULxarisGsaQ=
  dependencies:
    classnames "^2.2.5"
    no-scroll "^2.1.0"
    prop-types "^15.6.0"
    react-jss "^8.1.0"
    react-minimalist-portal "^2.1.1"
    react-transition-group "^2.2.1"

react-transition-group@^2.2.1:
  version "2.9.0"
  resolved "https://registry.yarnpkg.com/react-transition-group/-/react-transition-group-2.9.0.tgz#df9cdb025796211151a436c69a8f3b97b5b07c8d"
  integrity sha512-+HzNTCHpeQyl4MJ/bdE0u6XRMe9+XG/+aL4mCxVN4DnPBQ0/5bfHWPDuOZUzYdMj94daZaZdCCc1Dzt9R/xSSg==
  dependencies:
    dom-helpers "^3.4.0"
    loose-envify "^1.4.0"
    prop-types "^15.6.2"
    react-lifecycles-compat "^3.0.4"

react-virtualized@^9.19.1:
  version "9.21.1"
  resolved "https://registry.yarnpkg.com/react-virtualized/-/react-virtualized-9.21.1.tgz#4dbbf8f0a1420e2de3abf28fbb77120815277b3a"
  integrity sha512-E53vFjRRMCyUTEKuDLuGH1ld/9TFzjf/fFW816PE4HFXWZorESbSTYtiZz1oAjra0MminaUU1EnvUxoGuEFFPA==
  dependencies:
    babel-runtime "^6.26.0"
    clsx "^1.0.1"
    dom-helpers "^2.4.0 || ^3.0.0"
    linear-layout-vector "0.0.1"
    loose-envify "^1.3.0"
    prop-types "^15.6.0"
    react-lifecycles-compat "^3.0.4"

recompose@^0.27.1:
  version "0.27.1"
  resolved "https://registry.yarnpkg.com/recompose/-/recompose-0.27.1.tgz#1a49e931f183634516633bbb4f4edbfd3f38a7ba"
  integrity sha512-p7xsyi/rfNjHfdP7vPU02uSFa+Q1eHhjKrvO+3+kRP4Ortj+MxEmpmd+UQtBGM2D2iNAjzNI5rCyBKp9Ob5McA==
  dependencies:
    babel-runtime "^6.26.0"
    change-emitter "^0.1.2"
    fbjs "^0.8.1"
    hoist-non-react-statics "^2.3.1"
    react-lifecycles-compat "^3.0.2"
    symbol-observable "^1.0.4"

regenerator-runtime@^0.11.0:
  version "0.11.1"
  resolved "https://registry.yarnpkg.com/regenerator-runtime/-/regenerator-runtime-0.11.1.tgz#be05ad7f9bf7d22e056f9726cee5017fbf19e2e9"
  integrity sha512-MguG95oij0fC3QV3URf4V2SDYGJhJnJGqvIIgdECeODCT98wSWDAJ94SSuVpYQUoTcGUIL6L4yNB7j1DFFHSBg==

regenerator-runtime@^0.13.2:
  version "0.13.2"
  resolved "https://registry.yarnpkg.com/regenerator-runtime/-/regenerator-runtime-0.13.2.tgz#32e59c9a6fb9b1a4aff09b4930ca2d4477343447"
  integrity sha512-S/TQAZJO+D3m9xeN1WTI8dLKBBiRgXBlTJvbWjCThHWZj9EvHK70Ff50/tYj2J/fvBY6JtFVwRuazHN2E7M9BA==

regexpp@^2.0.1:
  version "2.0.1"
  resolved "https://registry.yarnpkg.com/regexpp/-/regexpp-2.0.1.tgz#8d19d31cf632482b589049f8281f93dbcba4d07f"
  integrity sha512-lv0M6+TkDVniA3aD1Eg0DVpfU/booSu7Eev3TDO/mZKHBfVjgCGTV4t4buppESEYDtkArYFOxTJWv6S5C+iaNw==

"safer-buffer@>= 2.1.2 < 3":
  version "2.1.2"
  resolved "https://registry.yarnpkg.com/safer-buffer/-/safer-buffer-2.1.2.tgz#44fa161b0187b9549dd84bb91802f9bd8385cd6a"
  integrity sha512-YZo3K82SD7Riyi0E1EQPojLz7kpepnSQI9IyPbHHg1XXXevb5dJI7tpyN2ADxGcQbHG7vcyRHk0cbwqcQriUtg==

setimmediate@^1.0.5:
  version "1.0.5"
  resolved "https://registry.yarnpkg.com/setimmediate/-/setimmediate-1.0.5.tgz#290cbb232e306942d7d7ea9b83732ab7856f8285"
  integrity sha1-KQy7Iy4waULX1+qbg3Mqt4VvgoU=

symbol-observable@^1.0.4, symbol-observable@^1.1.0:
  version "1.2.0"
  resolved "https://registry.yarnpkg.com/symbol-observable/-/symbol-observable-1.2.0.tgz#c22688aed4eab3cdc2dfeacbb561660560a00804"
  integrity sha512-e900nM8RRtGhlV36KGEU9k65K3mPb1WV70OdjfxlG2EAuM1noi/E/BaW/uMhL7bPEssK8QV57vN3esixjUvcXQ==

theming@^1.3.0:
  version "1.3.0"
  resolved "https://registry.yarnpkg.com/theming/-/theming-1.3.0.tgz#286d5bae80be890d0adc645e5ca0498723725bdc"
  integrity sha512-ya5Ef7XDGbTPBv5ENTwrwkPUexrlPeiAg/EI9kdlUAZhNlRbCdhMKRgjNX1IcmsmiPcqDQZE6BpSaH+cr31FKw==
  dependencies:
    brcast "^3.0.1"
    is-function "^1.0.1"
    is-plain-object "^2.0.1"
    prop-types "^15.5.8"

ua-parser-js@^0.7.18:
  version "0.7.20"
  resolved "https://registry.yarnpkg.com/ua-parser-js/-/ua-parser-js-0.7.20.tgz#7527178b82f6a62a0f243d1f94fd30e3e3c21098"
  integrity sha512-8OaIKfzL5cpx8eCMAhhvTlft8GYF8b2eQr6JkCyVdrgjcytyOmPCXrqXFcUnhonRpLlh5yxEZVohm6mzaowUOw==

vtex-tachyons@^2.6.0:
  version "2.10.0"
  resolved "https://registry.yarnpkg.com/vtex-tachyons/-/vtex-tachyons-2.10.0.tgz#d72363dcd77d0960cb23efc82e0e8d168714f153"
  integrity sha512-WWEOR4iyrMQ2fzp+EActa5ZLaYSMdPk2yxP8XQRhg+q+QnbFH2EKGayjkea4okXRDE7KTKQZdLF3GlB/HaXOow==

warning@^3.0.0:
  version "3.0.0"
  resolved "https://registry.yarnpkg.com/warning/-/warning-3.0.0.tgz#32e5377cb572de4ab04753bdf8821c01ed605b7c"
  integrity sha1-MuU3fLVy3kqwR1O9+IIcAe1gW3w=
  dependencies:
    loose-envify "^1.0.0"

whatwg-fetch@>=0.10.0:
  version "3.0.0"
  resolved "https://registry.yarnpkg.com/whatwg-fetch/-/whatwg-fetch-3.0.0.tgz#fc804e458cc460009b1a2b966bc8817d2578aefb"
  integrity sha512-9GSJUgz1D4MfyKU7KRqwOjXCXTqWdFNvEr7eUBYchQiVc744mqK/MzXPNR2WsPkmkOa4ywfg8C2n8h+13Bey1Q==
